version = 1
requires-python = "==3.13.*"

[[package]]
name = "aioserial"
version = "1.3.1"
source = { registry = "https://pypi.org/simple" }
dependencies = [
    { name = "pyserial" },
]
sdist = { url = "https://files.pythonhosted.org/packages/c1/0c/7aa5e4fdfc8353a06374ae768d9bd8f3d8109c5f1d6829906ba16fdd1a2d/aioserial-1.3.1.tar.gz", hash = "sha256:702bf03b0eb84b8ef2d8dac5cb925e1e685dce98f77b125569bc6fd2b3b58228", size = 9608 }

[[package]]
name = "altgraph"
version = "0.17.4"
source = { registry = "https://pypi.org/simple" }
sdist = { url = "https://files.pythonhosted.org/packages/de/a8/7145824cf0b9e3c28046520480f207df47e927df83aa9555fb47f8505922/altgraph-0.17.4.tar.gz", hash = "sha256:1b5afbb98f6c4dcadb2e2ae6ab9fa994bbb8c1d75f4fa96d340f9437ae454406", size = 48418 }
wheels = [
    { url = "https://files.pythonhosted.org/packages/4d/3f/3bc3f1d83f6e4a7fcb834d3720544ca597590425be5ba9db032b2bf322a2/altgraph-0.17.4-py2.py3-none-any.whl", hash = "sha256:642743b4750de17e655e6711601b077bc6598dbfa3ba5fa2b2a35ce12b508dff", size = 21212 },
]

[[package]]
name = "iets-speed-control"
version = "0.1.0"
source = { editable = "." }
dependencies = [
    { name = "aioserial" },
    { name = "pyserial" },
    { name = "python-dotenv" },
    { name = "wmi" },
    { name = "wxasync" },
]

[package.dev-dependencies]
dev = [
    { name = "pyinstaller" },
]

[package.metadata]
requires-dist = [
    { name = "aioserial", specifier = ">=1.3.1" },
    { name = "pyserial", specifier = ">=3.5" },
    { name = "python-dotenv", specifier = ">=1.0.1" },
    { name = "wmi", specifier = ">=1.5.1" },
    { name = "wxasync", specifier = ">=0.49" },
]

[package.metadata.requires-dev]
dev = [{ name = "pyinstaller", specifier = ">=6.10.0" }]

[[package]]
name = "macholib"
version = "1.16.3"
source = { registry = "https://pypi.org/simple" }
dependencies = [
    { name = "altgraph" },
]
sdist = { url = "https://files.pythonhosted.org/packages/95/ee/af1a3842bdd5902ce133bd246eb7ffd4375c38642aeb5dc0ae3a0329dfa2/macholib-1.16.3.tar.gz", hash = "sha256:07ae9e15e8e4cd9a788013d81f5908b3609aa76f9b1421bae9c4d7606ec86a30", size = 59309 }
wheels = [
    { url = "https://files.pythonhosted.org/packages/d1/5d/c059c180c84f7962db0aeae7c3b9303ed1d73d76f2bfbc32bc231c8be314/macholib-1.16.3-py2.py3-none-any.whl", hash = "sha256:0e315d7583d38b8c77e815b1ecbdbf504a8258d8b3e17b61165c6feb60d18f2c", size = 38094 },
]

[[package]]
name = "packaging"
version = "24.1"
source = { registry = "https://pypi.org/simple" }
sdist = { url = "https://files.pythonhosted.org/packages/51/65/50db4dda066951078f0a96cf12f4b9ada6e4b811516bf0262c0f4f7064d4/packaging-24.1.tar.gz", hash = "sha256:026ed72c8ed3fcce5bf8950572258698927fd1dbda10a5e981cdf0ac37f4f002", size = 148788 }
wheels = [
    { url = "https://files.pythonhosted.org/packages/08/aa/cc0199a5f0ad350994d660967a8efb233fe0416e4639146c089643407ce6/packaging-24.1-py3-none-any.whl", hash = "sha256:5b8f2217dbdbd2f7f384c41c628544e6d52f2d0f53c6d0c3ea61aa5d1d7ff124", size = 53985 },
]

[[package]]
name = "pefile"
version = "2024.8.26"
source = { registry = "https://pypi.org/simple" }
sdist = { url = "https://files.pythonhosted.org/packages/03/4f/2750f7f6f025a1507cd3b7218691671eecfd0bbebebe8b39aa0fe1d360b8/pefile-2024.8.26.tar.gz", hash = "sha256:3ff6c5d8b43e8c37bb6e6dd5085658d658a7a0bdcd20b6a07b1fcfc1c4e9d632", size = 76008 }
wheels = [
    { url = "https://files.pythonhosted.org/packages/54/16/12b82f791c7f50ddec566873d5bdd245baa1491bac11d15ffb98aecc8f8b/pefile-2024.8.26-py3-none-any.whl", hash = "sha256:76f8b485dcd3b1bb8166f1128d395fa3d87af26360c2358fb75b80019b957c6f", size = 74766 },
]

[[package]]
name = "pyinstaller"
version = "6.10.0"
source = { registry = "https://pypi.org/simple" }
dependencies = [
    { name = "altgraph" },
    { name = "macholib", marker = "sys_platform == 'darwin'" },
    { name = "packaging" },
    { name = "pefile", marker = "sys_platform == 'win32'" },
    { name = "pyinstaller-hooks-contrib" },
    { name = "pywin32-ctypes", marker = "sys_platform == 'win32'" },
    { name = "setuptools" },
]
sdist = { url = "https://files.pythonhosted.org/packages/5c/df/30b1f66d35defa37e676556acca4eb775b49637bb73054b0c31af134cd8a/pyinstaller-6.10.0.tar.gz", hash = "sha256:143840f8056ff7b910bf8f16f6cd92cc10a6c2680bb76d0a25d558d543d21270", size = 2464746 }
wheels = [
    { url = "https://files.pythonhosted.org/packages/a6/fd/9b3c208c9cc822555b88c6af051da5f7291f367e4337ea44b138008ba2fb/pyinstaller-6.10.0-py3-none-macosx_10_13_universal2.whl", hash = "sha256:d60fb22859e11483af735aec115fdde09467cdbb29edd9844839f2c920b748c0", size = 984872 },
    { url = "https://files.pythonhosted.org/packages/b7/1c/1071c69e21b27ca5b1ea185fb897a0e724e85b8c4456b0b142b0cac3c33b/pyinstaller-6.10.0-py3-none-manylinux2014_aarch64.whl", hash = "sha256:46d75359668993ddd98630a3669dc5249f3c446e35239b43bc7f4155bc574748", size = 705041 },
    { url = "https://files.pythonhosted.org/packages/c4/44/4e20bf97d464cb27fd9b25321c94beb8d1f5ed7176af38fe6a22d8766d2e/pyinstaller-6.10.0-py3-none-manylinux2014_i686.whl", hash = "sha256:3398a98fa17d47ccb31f8779ecbdacec025f7adb2f22757a54b706ac8b4fe906", size = 707309 },
    { url = "https://files.pythonhosted.org/packages/65/e7/452dc579bd38b50142a0886a3a0fd67aa14fb84ea0376f339a568931319c/pyinstaller-6.10.0-py3-none-manylinux2014_ppc64le.whl", hash = "sha256:e9989f354ae4ed8a3bec7bdb37ae0d170751d6520e500f049c7cd0632d31d5c3", size = 712476 },
    { url = "https://files.pythonhosted.org/packages/6e/56/5ce76d7dd53f8ed13d91d0ac9688b5624c849ad2dfcee18ff5709955d150/pyinstaller-6.10.0-py3-none-manylinux2014_s390x.whl", hash = "sha256:b7c90c91921b3749083115b28f30f40abf2bb481ceff196d2b2ce0eaa2b3d429", size = 702859 },
    { url = "https://files.pythonhosted.org/packages/19/78/604bec9cd73cd02ed29f7bd72ec25dff6eccc57554ec3ab096959fae65de/pyinstaller-6.10.0-py3-none-manylinux2014_x86_64.whl", hash = "sha256:6cf876d7d93b8b4f28d1ad57fa24645cf43119c79e985dd5e5f7a801245e6f53", size = 703343 },
    { url = "https://files.pythonhosted.org/packages/ba/8f/f21b92a90bb48a0e59f448ff6f92a823457922207cede7ae3abedcbfb974/pyinstaller-6.10.0-py3-none-musllinux_1_1_aarch64.whl", hash = "sha256:db05e3f2f10f9f78c56f1fb163d9cb453433429fe4281218ebaf1ebfd39ba942", size = 707763 },
    { url = "https://files.pythonhosted.org/packages/fa/77/eeac52914f24d952524493d3190f6a383582d4abb117076f50264eba0f9e/pyinstaller-6.10.0-py3-none-musllinux_1_1_x86_64.whl", hash = "sha256:28eca3817f176fdc19747e1afcf434f13bb9f17a644f611be2c5a61b1f498ed7", size = 703742 },
    { url = "https://files.pythonhosted.org/packages/a2/fd/dcbeb93783b983c8bf5d9cab929361761b0c3bc560de5377041eb2aec2b0/pyinstaller-6.10.0-py3-none-win32.whl", hash = "sha256:703e041718987e46ba0568a2c71ecf2459fddef57cf9edf3efeed4a53e3dae3f", size = 1272503 },
    { url = "https://files.pythonhosted.org/packages/c2/13/fe1ea2fb379a4ea86fa38c224b853b94227246840484feccbb4f2fded615/pyinstaller-6.10.0-py3-none-win_amd64.whl", hash = "sha256:95b55966e563e8b8f31a43882aea10169e9a11fdf38e626d86a2907b640c0701", size = 1332831 },
    { url = "https://files.pythonhosted.org/packages/4e/4f/d46f182cae5b43d97b18fa5b167a233ec04fd616d60514aece08d5c45ab8/pyinstaller-6.10.0-py3-none-win_arm64.whl", hash = "sha256:308e0a8670c9c9ac0cebbf1bbb492e71b6675606f2ec78bc4adfc830d209e087", size = 1259686 },
]

[[package]]
name = "pyinstaller-hooks-contrib"
version = "2024.8"
source = { registry = "https://pypi.org/simple" }
dependencies = [
    { name = "packaging" },
    { name = "setuptools" },
]
sdist = { url = "https://files.pythonhosted.org/packages/20/17/58309bc981794907429f352ed628008db5ead987dafc5b2bfb318804a949/pyinstaller_hooks_contrib-2024.8.tar.gz", hash = "sha256:29b68d878ab739e967055b56a93eb9b58e529d5b054fbab7a2f2bacf80cef3e2", size = 131815 }
wheels = [
    { url = "https://files.pythonhosted.org/packages/a0/8f/a7eb7b85ea2015d1c9a8c1686eaeb61f3ce35e1047fc03c0ac71d22d68f2/pyinstaller_hooks_contrib-2024.8-py3-none-any.whl", hash = "sha256:0057fe9a5c398d3f580e73e58793a1d4a8315ca91c3df01efea1c14ed557825a", size = 322803 },
]

[[package]]
name = "pyserial"
version = "3.5"
source = { registry = "https://pypi.org/simple" }
sdist = { url = "https://files.pythonhosted.org/packages/1e/7d/ae3f0a63f41e4d2f6cb66a5b57197850f919f59e558159a4dd3a818f5082/pyserial-3.5.tar.gz", hash = "sha256:3c77e014170dfffbd816e6ffc205e9842efb10be9f58ec16d3e8675b4925cddb", size = 159125 }
wheels = [
    { url = "https://files.pythonhosted.org/packages/07/bc/587a445451b253b285629263eb51c2d8e9bcea4fc97826266d186f96f558/pyserial-3.5-py2.py3-none-any.whl", hash = "sha256:c4451db6ba391ca6ca299fb3ec7bae67a5c55dde170964c7a14ceefec02f2cf0", size = 90585 },
]

[[package]]
name = "python-dotenv"
version = "1.0.1"
source = { registry = "https://pypi.org/simple" }
sdist = { url = "https://files.pythonhosted.org/packages/bc/57/e84d88dfe0aec03b7a2d4327012c1627ab5f03652216c63d49846d7a6c58/python-dotenv-1.0.1.tar.gz", hash = "sha256:e324ee90a023d808f1959c46bcbc04446a10ced277783dc6ee09987c37ec10ca", size = 39115 }
wheels = [
    { url = "https://files.pythonhosted.org/packages/6a/3e/b68c118422ec867fa7ab88444e1274aa40681c606d59ac27de5a5588f082/python_dotenv-1.0.1-py3-none-any.whl", hash = "sha256:f7b63ef50f1b690dddf550d03497b66d609393b40b564ed0d674909a68ebf16a", size = 19863 },
]

[[package]]
name = "pywin32"
version = "307"
source = { registry = "https://pypi.org/simple" }
wheels = [
    { url = "https://files.pythonhosted.org/packages/61/c2/bdff07ee75b9c0a0f87cd52bfb45152e40d4c6f99e7256336e243cf4da2d/pywin32-307-cp313-cp313-win32.whl", hash = "sha256:ea4d56e48dc1ab2aa0a5e3c0741ad6e926529510516db7a3b6981a1ae74405e5", size = 5915947 },
    { url = "https://files.pythonhosted.org/packages/fd/59/b891cf47d5893ee87e09686e736a84b80a8c5112a1a80e37363ab8801f54/pywin32-307-cp313-cp313-win_amd64.whl", hash = "sha256:576d09813eaf4c8168d0bfd66fb7cb3b15a61041cf41598c2db4a4583bf832d2", size = 6518782 },
    { url = "https://files.pythonhosted.org/packages/08/9b/3c797468a96f68ce86f84917c198f60fc4189ab2ddc5841bcd71ead7680f/pywin32-307-cp313-cp313-win_arm64.whl", hash = "sha256:b30c9bdbffda6a260beb2919f918daced23d32c79109412c2085cbc513338a0a", size = 7952027 },
]

[[package]]
name = "pywin32-ctypes"
version = "0.2.3"
source = { registry = "https://pypi.org/simple" }
sdist = { url = "https://files.pythonhosted.org/packages/85/9f/01a1a99704853cb63f253eea009390c88e7131c67e66a0a02099a8c917cb/pywin32-ctypes-0.2.3.tar.gz", hash = "sha256:d162dc04946d704503b2edc4d55f3dba5c1d539ead017afa00142c38b9885755", size = 29471 }
wheels = [
    { url = "https://files.pythonhosted.org/packages/de/3d/8161f7711c017e01ac9f008dfddd9410dff3674334c233bde66e7ba65bbf/pywin32_ctypes-0.2.3-py3-none-any.whl", hash = "sha256:8a1513379d709975552d202d942d9837758905c8d01eb82b8bcc30918929e7b8", size = 30756 },
]

[[package]]
name = "setuptools"
version = "75.1.0"
source = { registry = "https://pypi.org/simple" }
sdist = { url = "https://files.pythonhosted.org/packages/27/b8/f21073fde99492b33ca357876430822e4800cdf522011f18041351dfa74b/setuptools-75.1.0.tar.gz", hash = "sha256:d59a21b17a275fb872a9c3dae73963160ae079f1049ed956880cd7c09b120538", size = 1348057 }
wheels = [
    { url = "https://files.pythonhosted.org/packages/ff/ae/f19306b5a221f6a436d8f2238d5b80925004093fa3edea59835b514d9057/setuptools-75.1.0-py3-none-any.whl", hash = "sha256:35ab7fd3bcd95e6b7fd704e4a1539513edad446c097797f2985e0e4b960772f2", size = 1248506 },
]

[[package]]
name = "six"
version = "1.16.0"
source = { registry = "https://pypi.org/simple" }
sdist = { url = "https://files.pythonhosted.org/packages/71/39/171f1c67cd00715f190ba0b100d606d440a28c93c7714febeca8b79af85e/six-1.16.0.tar.gz", hash = "sha256:1e61c37477a1626458e36f7b1d82aa5c9b094fa4802892072e49de9c60c4c926", size = 34041 }
wheels = [
    { url = "https://files.pythonhosted.org/packages/d9/5a/e7c31adbe875f2abbb91bd84cf2dc52d792b5a01506781dbcf25c91daf11/six-1.16.0-py2.py3-none-any.whl", hash = "sha256:8abb2f1d86890a2dfb989f9a77cfcfd3e47c2a354b01111771326f8aa26e0254", size = 11053 },
]

[[package]]
name = "wmi"
version = "1.5.1"
source = { registry = "https://pypi.org/simple" }
dependencies = [
    { name = "pywin32" },
]
sdist = { url = "https://files.pythonhosted.org/packages/d4/66/6364deb0a03415f96c66803d8c4379f808f2401da3bdb183348487b10510/WMI-1.5.1.tar.gz", hash = "sha256:b6a6be5711b1b6c8d55bda7a8befd75c48c12b770b9d227d31c1737dbf0d40a6", size = 26254 }
wheels = [
    { url = "https://files.pythonhosted.org/packages/ee/b9/a80d1ed4d115dac8e2ac08d16af046a77ab58e3d186e22395bf2add24090/WMI-1.5.1-py2.py3-none-any.whl", hash = "sha256:1d6b085e5c445141c475476000b661f60fff1aaa19f76bf82b7abb92e0ff4942", size = 28912 },
]

[[package]]
name = "wxasync"
version = "0.49"
source = { registry = "https://pypi.org/simple" }
dependencies = [
    { name = "wxpython" },
]
sdist = { url = "https://files.pythonhosted.org/packages/ea/4a/3c68064db0c1de793f32c804f78edaa5d3c74ecb217b3d9dd6e398228356/wxasync-0.49.tar.gz", hash = "sha256:8c05dcdc165cc71e8d2aece4ee8ed20019fafff05d2657d50b6b7bfb1fe10091", size = 8342 }
wheels = [
    { url = "https://files.pythonhosted.org/packages/e7/c1/197a5b9b6791e0d8fb3ff9b4d1c7a350ca90e8d25d18fe4bd1d22e37a2e3/wxasync-0.49-py3-none-any.whl", hash = "sha256:2cd98ebb0c3e4807cd00b232deb0727440fd142e12914fe3d4a041c959c2ed8f", size = 4496 },
]

[[package]]
name = "wxpython"
version = "4.2.2"
source = { registry = "https://pypi.org/simple" }
dependencies = [
    { name = "six" },
]
sdist = { url = "https://files.pythonhosted.org/packages/a4/f5/8c272764770f47fd419cc2eff4c4fa1c0681c71bcc2f3158b3a83d1339ff/wxPython-4.2.2.tar.gz", hash = "sha256:5dbcb0650f67fdc2c5965795a255ffaa3d7b09fb149aa8da2d0d9aa44e38e2ba", size = 57358880 }
wheels = [
    { url = "https://files.pythonhosted.org/packages/4a/6c/d53b5ae0c039190f07f2cb77715f7b0c3c68588ff922e8f894c0c6b8f9e9/wxPython-4.2.2-cp313-cp313-macosx_10_13_universal2.whl", hash = "sha256:e3a6f0eebb8176135991851adbb1648da7f3beb0378752117c3b7ee05e8e55c6", size = 30431860 },
    { url = "https://files.pythonhosted.org/packages/fa/b1/bc06c1abb212e1a2358588037d4fa5d5f4c962dd287478f4d54e425854a0/wxPython-4.2.2-cp313-cp313-win32.whl", hash = "sha256:c9310864b088d0f68d212360f261c8fec46a543c952da21805177519622b8524", size = 14368445 },
    { url = "https://files.pythonhosted.org/packages/8c/df/5a9eca8dab4367c3efc27a42a6d6d407347261c2b7be5cead468d22f99e0/wxPython-4.2.2-cp313-cp313-win_amd64.whl", hash = "sha256:d8548ce4165e214601083d0d5767dba854a5e14f4e0ed4dbe56e2daf193a4575", size = 16416599 },
]
